
Microsoft Visual Studio Solution File, Format Version 12.00
Project("{FAE04EC0-301F-11D3-BF4B-00C04F79EFBC}") = "AUTH.Presentation", "AUTH.Presentation\AUTH.Presentation.csproj", "{9A2E2C6A-EE54-4D00-A572-F3939223F857}"
EndProject
Project("{FAE04EC0-301F-11D3-BF4B-00C04F79EFBC}") = "AUTH.Infrastructure", "AUTH.Infrastructure\AUTH.Infrastructure.csproj", "{B37C4E44-FE2C-45CE-BCEB-453B91EA7AD4}"
EndProject
Project("{FAE04EC0-301F-11D3-BF4B-00C04F79EFBC}") = "AUTH.Core", "AUTH.Core\AUTH.Core.csproj", "{8EDCB698-2A86-4739-B363-2AF091E79BAA}"
EndProject
Project("{FAE04EC0-301F-11D3-BF4B-00C04F79EFBC}") = "AUTH.Domain", "AUTH.Domain\AUTH.Domain.csproj", "{0CEE6A54-0345-43E9-90AA-51D3F1B27D61}"
EndProject
Global
	GlobalSection(SolutionConfigurationPlatforms) = preSolution
		Debug|Any CPU = Debug|Any CPU
		Release|Any CPU = Release|Any CPU
	EndGlobalSection
	GlobalSection(ProjectConfigurationPlatforms) = postSolution
		{9A2E2C6A-EE54-4D00-A572-F3939223F857}.Debug|Any CPU.ActiveCfg = Debug|Any CPU
		{9A2E2C6A-EE54-4D00-A572-F3939223F857}.Debug|Any CPU.Build.0 = Debug|Any CPU
		{9A2E2C6A-EE54-4D00-A572-F3939223F857}.Release|Any CPU.ActiveCfg = Release|Any CPU
		{9A2E2C6A-EE54-4D00-A572-F3939223F857}.Release|Any CPU.Build.0 = Release|Any CPU
		{B37C4E44-FE2C-45CE-BCEB-453B91EA7AD4}.Debug|Any CPU.ActiveCfg = Debug|Any CPU
		{B37C4E44-FE2C-45CE-BCEB-453B91EA7AD4}.Debug|Any CPU.Build.0 = Debug|Any CPU
		{B37C4E44-FE2C-45CE-BCEB-453B91EA7AD4}.Release|Any CPU.ActiveCfg = Release|Any CPU
		{B37C4E44-FE2C-45CE-BCEB-453B91EA7AD4}.Release|Any CPU.Build.0 = Release|Any CPU
		{8EDCB698-2A86-4739-B363-2AF091E79BAA}.Debug|Any CPU.ActiveCfg = Debug|Any CPU
		{8EDCB698-2A86-4739-B363-2AF091E79BAA}.Debug|Any CPU.Build.0 = Debug|Any CPU
		{8EDCB698-2A86-4739-B363-2AF091E79BAA}.Release|Any CPU.ActiveCfg = Release|Any CPU
		{8EDCB698-2A86-4739-B363-2AF091E79BAA}.Release|Any CPU.Build.0 = Release|Any CPU
		{0CEE6A54-0345-43E9-90AA-51D3F1B27D61}.Debug|Any CPU.ActiveCfg = Debug|Any CPU
		{0CEE6A54-0345-43E9-90AA-51D3F1B27D61}.Debug|Any CPU.Build.0 = Debug|Any CPU
		{0CEE6A54-0345-43E9-90AA-51D3F1B27D61}.Release|Any CPU.ActiveCfg = Release|Any CPU
		{0CEE6A54-0345-43E9-90AA-51D3F1B27D61}.Release|Any CPU.Build.0 = Release|Any CPU
	EndGlobalSection
EndGlobal
